
Microsoft Visual Studio Solution File, Format Version 12.00
# Visual Studio Version 17
VisualStudioVersion = 17.14.36327.8 d17.14
MinimumVisualStudioVersion = 10.0.40219.1
Project("{FAE04EC0-301F-11D3-BF4B-00C04F79EFBC}") = "Garaje", "Garaje\Garaje.csproj", "{44619B86-D09B-492F-B236-C74D9EA102FC}"
EndProject
Global
	GlobalSection(SolutionConfigurationPlatforms) = preSolution
		Debug|Any CPU = Debug|Any CPU
		Release|Any CPU = Release|Any CPU
	EndGlobalSection
	GlobalSection(ProjectConfigurationPlatforms) = postSolution
		{44619B86-D09B-492F-B236-C74D9EA102FC}.Debug|Any CPU.ActiveCfg = Debug|Any CPU
		{44619B86-D09B-492F-B236-C74D9EA102FC}.Debug|Any CPU.Build.0 = Debug|Any CPU
		{44619B86-D09B-492F-B236-C74D9EA102FC}.Release|Any CPU.ActiveCfg = Release|Any CPU
		{44619B86-D09B-492F-B236-C74D9EA102FC}.Release|Any CPU.Build.0 = Release|Any CPU
	EndGlobalSection
	GlobalSection(SolutionProperties) = preSolution
		HideSolutionNode = FALSE
	EndGlobalSection
	GlobalSection(ExtensibilityGlobals) = postSolution
		SolutionGuid = {66167C2E-55DB-45E3-AB82-C98A0AA38803}
	EndGlobalSection
EndGlobal
